
Microsoft Visual Studio Solution File, Format Version 12.00
# Visual Studio Version 16
VisualStudioVersion = 16.0.31729.503
MinimumVisualStudioVersion = 10.0.40219.1
Project("{FAE04EC0-301F-11D3-BF4B-00C04F79EFBC}") = "consoleCalculator", "consoleCalculator.csproj", "{1B0D1E1F-5EE4-4C94-BD2D-43D10A66C6F9}"
EndProject
Global
	GlobalSection(SolutionConfigurationPlatforms) = preSolution
		Debug|Any CPU = Debug|Any CPU
		Release|Any CPU = Release|Any CPU
	EndGlobalSection
	GlobalSection(ProjectConfigurationPlatforms) = postSolution
		{1B0D1E1F-5EE4-4C94-BD2D-43D10A66C6F9}.Debug|Any CPU.ActiveCfg = Debug|Any CPU
		{1B0D1E1F-5EE4-4C94-BD2D-43D10A66C6F9}.Debug|Any CPU.Build.0 = Debug|Any CPU
		{1B0D1E1F-5EE4-4C94-BD2D-43D10A66C6F9}.Release|Any CPU.ActiveCfg = Release|Any CPU
		{1B0D1E1F-5EE4-4C94-BD2D-43D10A66C6F9}.Release|Any CPU.Build.0 = Release|Any CPU
	EndGlobalSection
	GlobalSection(SolutionProperties) = preSolution
		HideSolutionNode = FALSE
	EndGlobalSection
	GlobalSection(ExtensibilityGlobals) = postSolution
		SolutionGuid = {760DFA82-593B-4DC6-85A8-16A8F7C8B28B}
	EndGlobalSection
EndGlobal
